// !$*UTF8*$!
{
	archiveVersion = 1;
	classes = {
	};
	objectVersion = 50;
	objects = {

/* Begin PBXBuildFile section */
		E4A420F6210F000200B1CEAB /* AppDelegate.m in Sources */ = {isa = PBXBuildFile; fileRef = E4A420F5210F000200B1CEAB /* AppDelegate.m */; };
		E4A420F9210F000200B1CEAB /* ViewController.m in Sources */ = {isa = PBXBuildFile; fileRef = E4A420F8210F000200B1CEAB /* ViewController.m */; };
		E4A420FC210F000200B1CEAB /* Main.storyboard in Resources */ = {isa = PBXBuildFile; fileRef = E4A420FA210F000200B1CEAB /* Main.storyboard */; };
		E4A420FE210F000200B1CEAB /* Assets.xcassets in Resources */ = {isa = PBXBuildFile; fileRef = E4A420FD210F000200B1CEAB /* Assets.xcassets */; };
		E4A42101210F000200B1CEAB /* LaunchScreen.storyboard in Resources */ = {isa = PBXBuildFile; fileRef = E4A420FF210F000200B1CEAB /* LaunchScreen.storyboard */; };
		E4A42104210F000200B1CEAB /* main.m in Sources */ = {isa = PBXBuildFile; fileRef = E4A42103210F000200B1CEAB /* main.m */; };
		E4A4212B210F086100B1CEAB /* NSLayoutConstraint+XHLayoutConstraint.m in Sources */ = {isa = PBXBuildFile; fileRef = E4A42121210F086100B1CEAB /* NSLayoutConstraint+XHLayoutConstraint.m */; };
		E4A4212C210F086100B1CEAB /* UIButton+XHFont.m in Sources */ = {isa = PBXBuildFile; fileRef = E4A42125210F086100B1CEAB /* UIButton+XHFont.m */; };
		E4A4212D210F086100B1CEAB /* UITextField+XHFont.m in Sources */ = {isa = PBXBuildFile; fileRef = E4A42127210F086100B1CEAB /* UITextField+XHFont.m */; };
		E4A4212E210F086100B1CEAB /* UILabel+XHFont.m in Sources */ = {isa = PBXBuildFile; fileRef = E4A42128210F086100B1CEAB /* UILabel+XHFont.m */; };
		E4A4212F210F086100B1CEAB /* UITextView+XHFont.m in Sources */ = {isa = PBXBuildFile; fileRef = E4A4212A210F086100B1CEAB /* UITextView+XHFont.m */; };
/* End PBXBuildFile section */

/* Begin PBXFileReference section */
		E4A420F1210F000200B1CEAB /* QUIAdaptiveKit.app */ = {isa = PBXFileReference; explicitFileType = wrapper.application; includeInIndex = 0; path = QUIAdaptiveKit.app; sourceTree = BUILT_PRODUCTS_DIR; };
		E4A420F4210F000200B1CEAB /* AppDelegate.h */ = {isa = PBXFileReference; lastKnownFileType = sourcecode.c.h; path = AppDelegate.h; sourceTree = "<group>"; };
		E4A420F5210F000200B1CEAB /* AppDelegate.m */ = {isa = PBXFileReference; lastKnownFileType = sourcecode.c.objc; path = AppDelegate.m; sourceTree = "<group>"; };
		E4A420F7210F000200B1CEAB /* ViewController.h */ = {isa = PBXFileReference; lastKnownFileType = sourcecode.c.h; path = ViewController.h; sourceTree = "<group>"; };
		E4A420F8210F000200B1CEAB /* ViewController.m */ = {isa = PBXFileReference; lastKnownFileType = sourcecode.c.objc; path = ViewController.m; sourceTree = "<group>"; };
		E4A420FB210F000200B1CEAB /* Base */ = {isa = PBXFileReference; lastKnownFileType = file.storyboard; name = Base; path = Base.lproj/Main.storyboard; sourceTree = "<group>"; };
		E4A420FD210F000200B1CEAB /* Assets.xcassets */ = {isa = PBXFileReference; lastKnownFileType = folder.assetcatalog; path = Assets.xcassets; sourceTree = "<group>"; };
		E4A42100210F000200B1CEAB /* Base */ = {isa = PBXFileReference; lastKnownFileType = file.storyboard; name = Base; path = Base.lproj/LaunchScreen.storyboard; sourceTree = "<group>"; };
		E4A42102210F000200B1CEAB /* Info.plist */ = {isa = PBXFileReference; lastKnownFileType = text.plist.xml; path = Info.plist; sourceTree = "<group>"; };
		E4A42103210F000200B1CEAB /* main.m */ = {isa = PBXFileReference; lastKnownFileType = sourcecode.c.objc; path = main.m; sourceTree = "<group>"; };
		E4A42120210F086100B1CEAB /* UITextField+XHFont.h */ = {isa = PBXFileReference; fileEncoding = 4; lastKnownFileType = sourcecode.c.h; path = "UITextField+XHFont.h"; sourceTree = "<group>"; };
		E4A42121210F086100B1CEAB /* NSLayoutConstraint+XHLayoutConstraint.m */ = {isa = PBXFileReference; fileEncoding = 4; lastKnownFileType = sourcecode.c.objc; path = "NSLayoutConstraint+XHLayoutConstraint.m"; sourceTree = "<group>"; };
		E4A42122210F086100B1CEAB /* Constrants.h */ = {isa = PBXFileReference; fileEncoding = 4; lastKnownFileType = sourcecode.c.h; path = Constrants.h; sourceTree = "<group>"; };
		E4A42123210F086100B1CEAB /* UILabel+XHFont.h */ = {isa = PBXFileReference; fileEncoding = 4; lastKnownFileType = sourcecode.c.h; path = "UILabel+XHFont.h"; sourceTree = "<group>"; };
		E4A42124210F086100B1CEAB /* UITextView+XHFont.h */ = {isa = PBXFileReference; fileEncoding = 4; lastKnownFileType = sourcecode.c.h; path = "UITextView+XHFont.h"; sourceTree = "<group>"; };
		E4A42125210F086100B1CEAB /* UIButton+XHFont.m */ = {isa = PBXFileReference; fileEncoding = 4; lastKnownFileType = sourcecode.c.objc; path = "UIButton+XHFont.m"; sourceTree = "<group>"; };
		E4A42126210F086100B1CEAB /* NSLayoutConstraint+XHLayoutConstraint.h */ = {isa = PBXFileReference; fileEncoding = 4; lastKnownFileType = sourcecode.c.h; path = "NSLayoutConstraint+XHLayoutConstraint.h"; sourceTree = "<group>"; };
		E4A42127210F086100B1CEAB /* UITextField+XHFont.m */ = {isa = PBXFileReference; fileEncoding = 4; lastKnownFileType = sourcecode.c.objc; path = "UITextField+XHFont.m"; sourceTree = "<group>"; };
		E4A42128210F086100B1CEAB /* UILabel+XHFont.m */ = {isa = PBXFileReference; fileEncoding = 4; lastKnownFileType = sourcecode.c.objc; path = "UILabel+XHFont.m"; sourceTree = "<group>"; };
		E4A42129210F086100B1CEAB /* UIButton+XHFont.h */ = {isa = PBXFileReference; fileEncoding = 4; lastKnownFileType = sourcecode.c.h; path = "UIButton+XHFont.h"; sourceTree = "<group>"; };
		E4A4212A210F086100B1CEAB /* UITextView+XHFont.m */ = {isa = PBXFileReference; fileEncoding = 4; lastKnownFileType = sourcecode.c.objc; path = "UITextView+XHFont.m"; sourceTree = "<group>"; };
/* End PBXFileReference section */

/* Begin PBXFrameworksBuildPhase section */
		E4A420EE210F000200B1CEAB /* Frameworks */ = {
			isa = PBXFrameworksBuildPhase;
			buildActionMask = 2147483647;
			files = (
			);
			runOnlyForDeploymentPostprocessing = 0;
		};
/* End PBXFrameworksBuildPhase section */

/* Begin PBXGroup section */
		E4A420E8210F000200B1CEAB = {
			isa = PBXGroup;
			children = (
				E4A420F3210F000200B1CEAB /* QUIAdaptiveKit */,
				E4A420F2210F000200B1CEAB /* Products */,
			);
			sourceTree = "<group>";
		};
		E4A420F2210F000200B1CEAB /* Products */ = {
			isa = PBXGroup;
			children = (
				E4A420F1210F000200B1CEAB /* QUIAdaptiveKit.app */,
			);
			name = Products;
			sourceTree = "<group>";
		};
		E4A420F3210F000200B1CEAB /* QUIAdaptiveKit */ = {
			isa = PBXGroup;
			children = (
				E4A420F4210F000200B1CEAB /* AppDelegate.h */,
				E4A420F5210F000200B1CEAB /* AppDelegate.m */,
				E4A420F7210F000200B1CEAB /* ViewController.h */,
				E4A420F8210F000200B1CEAB /* ViewController.m */,
				E4A4211F210F086100B1CEAB /* Classes */,
				E4A420FA210F000200B1CEAB /* Main.storyboard */,
				E4A420FD210F000200B1CEAB /* Assets.xcassets */,
				E4A420FF210F000200B1CEAB /* LaunchScreen.storyboard */,
				E4A42102210F000200B1CEAB /* Info.plist */,
				E4A42103210F000200B1CEAB /* main.m */,
			);
			path = QUIAdaptiveKit;
			sourceTree = "<group>";
		};
		E4A4211F210F086100B1CEAB /* Classes */ = {
			isa = PBXGroup;
			children = (
				E4A42120210F086100B1CEAB /* UITextField+XHFont.h */,
				E4A42121210F086100B1CEAB /* NSLayoutConstraint+XHLayoutConstraint.m */,
				E4A42122210F086100B1CEAB /* Constrants.h */,
				E4A42123210F086100B1CEAB /* UILabel+XHFont.h */,
				E4A42124210F086100B1CEAB /* UITextView+XHFont.h */,
				E4A42125210F086100B1CEAB /* UIButton+XHFont.m */,
				E4A42126210F086100B1CEAB /* NSLayoutConstraint+XHLayoutConstraint.h */,
				E4A42127210F086100B1CEAB /* UITextField+XHFont.m */,
				E4A42128210F086100B1CEAB /* UILabel+XHFont.m */,
				E4A42129210F086100B1CEAB /* UIButton+XHFont.h */,
				E4A4212A210F086100B1CEAB /* UITextView+XHFont.m */,
			);
			path = Classes;
			sourceTree = "<group>";
		};
/* End PBXGroup section */

/* Begin PBXNativeTarget section */
		E4A420F0210F000200B1CEAB /* QUIAdaptiveKit */ = {
			isa = PBXNativeTarget;
			buildConfigurationList = E4A42107210F000200B1CEAB /* Build configuration list for PBXNativeTarget "QUIAdaptiveKit" */;
			buildPhases = (
				E4A420ED210F000200B1CEAB /* Sources */,
				E4A420EE210F000200B1CEAB /* Frameworks */,
				E4A420EF210F000200B1CEAB /* Resources */,
			);
			buildRules = (
			);
			dependencies = (
			);
			name = QUIAdaptiveKit;
			productName = QUIAdaptiveKit;
			productReference = E4A420F1210F000200B1CEAB /* QUIAdaptiveKit.app */;
			productType = "com.apple.product-type.application";
		};
/* End PBXNativeTarget section */

/* Begin PBXProject section */
		E4A420E9210F000200B1CEAB /* Project object */ = {
			isa = PBXProject;
			attributes = {
				LastUpgradeCheck = 0940;
				ORGANIZATIONNAME = quinn;
				TargetAttributes = {
					E4A420F0210F000200B1CEAB = {
						CreatedOnToolsVersion = 9.4.1;
					};
				};
			};
			buildConfigurationList = E4A420EC210F000200B1CEAB /* Build configuration list for PBXProject "QUIAdaptiveKit" */;
			compatibilityVersion = "Xcode 9.3";
			developmentRegion = en;
			hasScannedForEncodings = 0;
			knownRegions = (
				en,
				Base,
			);
			mainGroup = E4A420E8210F000200B1CEAB;
			productRefGroup = E4A420F2210F000200B1CEAB /* Products */;
			projectDirPath = "";
			projectRoot = "";
			targets = (
				E4A420F0210F000200B1CEAB /* QUIAdaptiveKit */,
			);
		};
/* End PBXProject section */

/* Begin PBXResourcesBuildPhase section */
		E4A420EF210F000200B1CEAB /* Resources */ = {
			isa = PBXResourcesBuildPhase;
			buildActionMask = 2147483647;
			files = (
				E4A42101210F000200B1CEAB /* LaunchScreen.storyboard in Resources */,
				E4A420FE210F000200B1CEAB /* Assets.xcassets in Resources */,
				E4A420FC210F000200B1CEAB /* Main.storyboard in Resources */,
			);
			runOnlyForDeploymentPostprocessing = 0;
		};
/* End PBXResourcesBuildPhase section */

/* Begin PBXSourcesBuildPhase section */
		E4A420ED210F000200B1CEAB /* Sources */ = {
			isa = PBXSourcesBuildPhase;
			buildActionMask = 2147483647;
			files = (
				E4A4212D210F086100B1CEAB /* UITextField+XHFont.m in Sources */,
				E4A4212B210F086100B1CEAB /* NSLayoutConstraint+XHLayoutConstraint.m in Sources */,
				E4A420F9210F000200B1CEAB /* ViewController.m in Sources */,
				E4A4212E210F086100B1CEAB /* UILabel+XHFont.m in Sources */,
				E4A42104210F000200B1CEAB /* main.m in Sources */,
				E4A4212C210F086100B1CEAB /* UIButton+XHFont.m in Sources */,
				E4A4212F210F086100B1CEAB /* UITextView+XHFont.m in Sources */,
				E4A420F6210F000200B1CEAB /* AppDelegate.m in Sources */,
			);
			runOnlyForDeploymentPostprocessing = 0;
		};
/* End PBXSourcesBuildPhase section */

/* Begin PBXVariantGroup section */
		E4A420FA210F000200B1CEAB /* Main.storyboard */ = {
			isa = PBXVariantGroup;
			children = (
				E4A420FB210F000200B1CEAB /* Base */,
			);
			name = Main.storyboard;
			sourceTree = "<group>";
		};
		E4A420FF210F000200B1CEAB /* LaunchScreen.storyboard */ = {
			isa = PBXVariantGroup;
			children = (
				E4A42100210F000200B1CEAB /* Base */,
			);
			name = LaunchScreen.storyboard;
			sourceTree = "<group>";
		};
/* End PBXVariantGroup section */

/* Begin XCBuildConfiguration section */
		E4A42105210F000200B1CEAB /* Debug */ = {
			isa = XCBuildConfiguration;
			buildSettings = {
				ALWAYS_SEARCH_USER_PATHS = NO;
				CLANG_ANALYZER_NONNULL = YES;
				CLANG_ANALYZER_NUMBER_OBJECT_CONVERSION = YES_AGGRESSIVE;
				CLANG_CXX_LANGUAGE_STANDARD = "gnu++14";
				CLANG_CXX_LIBRARY = "libc++";
				CLANG_ENABLE_MODULES = YES;
				CLANG_ENABLE_OBJC_ARC = YES;
				CLANG_ENABLE_OBJC_WEAK = YES;
				CLANG_WARN_BLOCK_CAPTURE_AUTORELEASING = YES;
				CLANG_WARN_BOOL_CONVERSION = YES;
				CLANG_WARN_COMMA = YES;
				CLANG_WARN_CONSTANT_CONVERSION = YES;
				CLANG_WARN_DEPRECATED_OBJC_IMPLEMENTATIONS = YES;
				CLANG_WARN_DIRECT_OBJC_ISA_USAGE = YES_ERROR;
				CLANG_WARN_DOCUMENTATION_COMMENTS = YES;
				CLANG_WARN_EMPTY_BODY = YES;
				CLANG_WARN_ENUM_CONVERSION = YES;
				CLANG_WARN_INFINITE_RECURSION = YES;
				CLANG_WARN_INT_CONVERSION = YES;
				CLANG_WARN_NON_LITERAL_NULL_CONVERSION = YES;
				CLANG_WARN_OBJC_IMPLICIT_RETAIN_SELF = YES;
				CLANG_WARN_OBJC_LITERAL_CONVERSION = YES;
				CLANG_WARN_OBJC_ROOT_CLASS = YES_ERROR;
				CLANG_WARN_RANGE_LOOP_ANALYSIS = YES;
				CLANG_WARN_STRICT_PROTOTYPES = YES;
				CLANG_WARN_SUSPICIOUS_MOVE = YES;
				CLANG_WARN_UNGUARDED_AVAILABILITY = YES_AGGRESSIVE;
				CLANG_WARN_UNREACHABLE_CODE = YES;
				CLANG_WARN__DUPLICATE_METHOD_MATCH = YES;
				CODE_SIGN_IDENTITY = "iPhone Developer";
				COPY_PHASE_STRIP = NO;
				DEBUG_INFORMATION_FORMAT = dwarf;
				ENABLE_STRICT_OBJC_MSGSEND = YES;
				ENABLE_TESTABILITY = YES;
				GCC_C_LANGUAGE_STANDARD = gnu11;
				GCC_DYNAMIC_NO_PIC = NO;
				GCC_NO_COMMON_BLOCKS = YES;
				GCC_OPTIMIZATION_LEVEL = 0;
				GCC_PREPROCESSOR_DEFINITIONS = (
					"DEBUG=1",
					"$(inherited)",
				);
				GCC_WARN_64_TO_32_BIT_CONVERSION = YES;
				GCC_WARN_ABOUT_RETURN_TYPE = YES_ERROR;
				GCC_WARN_UNDECLARED_SELECTOR = YES;
				GCC_WARN_UNINITIALIZED_AUTOS = YES_AGGRESSIVE;
				GCC_WARN_UNUSED_FUNCTION = YES;
				GCC_WARN_UNUSED_VARIABLE = YES;
				IPHONEOS_DEPLOYMENT_TARGET = 11.4;
				MTL_ENABLE_DEBUG_INFO = YES;
				ONLY_ACTIVE_ARCH = YES;
				SDKROOT = iphoneos;
			};
			name = Debug;
		};
		E4A42106210F000200B1CEAB /* Release */ = {
			isa = XCBuildConfiguration;
			buildSettings = {
				ALWAYS_SEARCH_USER_PATHS = NO;
				CLANG_ANALYZER_NONNULL = YES;
				CLANG_ANALYZER_NUMBER_OBJECT_CONVERSION = YES_AGGRESSIVE;
				CLANG_CXX_LANGUAGE_STANDARD = "gnu++14";
				CLANG_CXX_LIBRARY = "libc++";
				CLANG_ENABLE_MODULES = YES;
				CLANG_ENABLE_OBJC_ARC = YES;
				CLANG_ENABLE_OBJC_WEAK = YES;
				CLANG_WARN_BLOCK_CAPTURE_AUTORELEASING = YES;
				CLANG_WARN_BOOL_CONVERSION = YES;
				CLANG_WARN_COMMA = YES;
				CLANG_WARN_CONSTANT_CONVERSION = YES;
				CLANG_WARN_DEPRECATED_OBJC_IMPLEMENTATIONS = YES;
				CLANG_WARN_DIRECT_OBJC_ISA_USAGE = YES_ERROR;
				CLANG_WARN_DOCUMENTATION_COMMENTS = YES;
				CLANG_WARN_EMPTY_BODY = YES;
				CLANG_WARN_ENUM_CONVERSION = YES;
				CLANG_WARN_INFINITE_RECURSION = YES;
				CLANG_WARN_INT_CONVERSION = YES;
				CLANG_WARN_NON_LITERAL_NULL_CONVERSION = YES;
				CLANG_WARN_OBJC_IMPLICIT_RETAIN_SELF = YES;
				CLANG_WARN_OBJC_LITERAL_CONVERSION = YES;
				CLANG_WARN_OBJC_ROOT_CLASS = YES_ERROR;
				CLANG_WARN_RANGE_LOOP_ANALYSIS = YES;
				CLANG_WARN_STRICT_PROTOTYPES = YES;
				CLANG_WARN_SUSPICIOUS_MOVE = YES;
				CLANG_WARN_UNGUARDED_AVAILABILITY = YES_AGGRESSIVE;
				CLANG_WARN_UNREACHABLE_CODE = YES;
				CLANG_WARN__DUPLICATE_METHOD_MATCH = YES;
				CODE_SIGN_IDENTITY = "iPhone Developer";
				COPY_PHASE_STRIP = NO;
				DEBUG_INFORMATION_FORMAT = "dwarf-with-dsym";
				ENABLE_NS_ASSERTIONS = NO;
				ENABLE_STRICT_OBJC_MSGSEND = YES;
				GCC_C_LANGUAGE_STANDARD = gnu11;
				GCC_NO_COMMON_BLOCKS = YES;
				GCC_WARN_64_TO_32_BIT_CONVERSION = YES;
				GCC_WARN_ABOUT_RETURN_TYPE = YES_ERROR;
				GCC_WARN_UNDECLARED_SELECTOR = YES;
				GCC_WARN_UNINITIALIZED_AUTOS = YES_AGGRESSIVE;
				GCC_WARN_UNUSED_FUNCTION = YES;
				GCC_WARN_UNUSED_VARIABLE = YES;
				IPHONEOS_DEPLOYMENT_TARGET = 11.4;
				MTL_ENABLE_DEBUG_INFO = NO;
				SDKROOT = iphoneos;
				VALIDATE_PRODUCT = YES;
			};
			name = Release;
		};
		E4A42108210F000200B1CEAB /* Debug */ = {
			isa = XCBuildConfiguration;
			buildSettings = {
				ASSETCATALOG_COMPILER_APPICON_NAME = AppIcon;
				CODE_SIGN_STYLE = Automatic;
				DEVELOPMENT_TEAM = V95KM6E24P;
				INFOPLIST_FILE = QUIAdaptiveKit/Info.plist;
				LD_RUNPATH_SEARCH_PATHS = (
					"$(inherited)",
					"@executable_path/Frameworks",
				);
				PRODUCT_BUNDLE_IDENTIFIER = com.xhey.QUIAdaptiveKit;
				PRODUCT_NAME = "$(TARGET_NAME)";
				TARGETED_DEVICE_FAMILY = "1,2";
			};
			name = Debug;
		};
		E4A42109210F000200B1CEAB /* Release */ = {
			isa = XCBuildConfiguration;
			buildSettings = {
				ASSETCATALOG_COMPILER_APPICON_NAME = AppIcon;
				CODE_SIGN_STYLE = Automatic;
				DEVELOPMENT_TEAM = V95KM6E24P;
				INFOPLIST_FILE = QUIAdaptiveKit/Info.plist;
				LD_RUNPATH_SEARCH_PATHS = (
					"$(inherited)",
					"@executable_path/Frameworks",
				);
				PRODUCT_BUNDLE_IDENTIFIER = com.xhey.QUIAdaptiveKit;
				PRODUCT_NAME = "$(TARGET_NAME)";
				TARGETED_DEVICE_FAMILY = "1,2";
			};
			name = Release;
		};
/* End XCBuildConfiguration section */

/* Begin XCConfigurationList section */
		E4A420EC210F000200B1CEAB /* Build configuration list for PBXProject "QUIAdaptiveKit" */ = {
			isa = XCConfigurationList;
			buildConfigurations = (
				E4A42105210F000200B1CEAB /* Debug */,
				E4A42106210F000200B1CEAB /* Release */,
			);
			defaultConfigurationIsVisible = 0;
			defaultConfigurationName = Release;
		};
		E4A42107210F000200B1CEAB /* Build configuration list for PBXNativeTarget "QUIAdaptiveKit" */ = {
			isa = XCConfigurationList;
			buildConfigurations = (
				E4A42108210F000200B1CEAB /* Debug */,
				E4A42109210F000200B1CEAB /* Release */,
			);
			defaultConfigurationIsVisible = 0;
			defaultConfigurationName = Release;
		};
/* End XCConfigurationList section */
	};
	rootObject = E4A420E9210F000200B1CEAB /* Project object */;
}
